{
  "nodes": {
    "devshell": {
      "inputs": {
        "flake-utils": "flake-utils",
        "nixpkgs": [
          "nixpkgs"
        ]
      },
      "locked": {
        "lastModified": 1675790942,
        "narHash": "sha256-UfXATFXxACtdMQmwRZIdOc6CT4mwgbZBAnGxiUkgUM4=",
        "owner": "numtide",
        "repo": "devshell",
        "rev": "6fe837bb4f540a1832522ec54604c453757836b2",
        "type": "github"
      },
      "original": {
        "owner": "numtide",
        "repo": "devshell",
        "type": "github"
      }
    },
    "firmware": {
      "flake": false,
      "locked": {
        "narHash": "sha256-WjH6A4MUlFiUpBHbDUtyi7b8P70bAyWdr7OGPrXSe1w=",
        "type": "file",
        "url": "http://micropython.org/download/rp2-pico/rp2-pico-latest.uf2"
      },
      "original": {
        "type": "file",
        "url": "http://micropython.org/download/rp2-pico/rp2-pico-latest.uf2"
      }
    },
    "flake-utils": {
      "locked": {
        "lastModified": 1642700792,
        "narHash": "sha256-XqHrk7hFb+zBvRg6Ghl+AZDq03ov6OshJLiSWOoX5es=",
        "owner": "numtide",
        "repo": "flake-utils",
        "rev": "846b2ae0fc4cc943637d3d1def4454213e203cba",
        "type": "github"
      },
      "original": {
        "owner": "numtide",
        "repo": "flake-utils",
        "type": "github"
      }
    },
    "nixpkgs": {
      "locked": {
        "lastModified": 1673462183,
        "narHash": "sha256-ZMN2zEqr9i4xi8a33xAP8K3Txq7h4hqEIIfnaItrqZA=",
        "path": "/nix/store/isjacsynhdvp4xmv6wbhly5ydb5lj6mz-source",
        "rev": "8e0e5f43f1657088d39896422785535f93cce9fa",
        "type": "path"
      },
      "original": {
        "id": "nixpkgs",
        "type": "indirect"
      }
    },
    "root": {
      "inputs": {
        "devshell": "devshell",
        "firmware": "firmware",
        "nixpkgs": "nixpkgs",
        "rp2040js": "rp2040js"
      }
    },
    "rp2040js": {
      "flake": false,
      "locked": {
        "lastModified": 1676227097,
        "narHash": "sha256-GIcQHAX+sMj3G5uQfK7QMvggyMrNgK8rHfQS/S4VS2E=",
        "owner": "wokwi",
        "repo": "rp2040js",
        "rev": "d8b369bbc322980f0f0972afb40739a920912058",
        "type": "github"
      },
      "original": {
        "owner": "wokwi",
        "repo": "rp2040js",
        "type": "github"
      }
    }
  },
  "root": "root",
  "version": 7
}
